// !$*UTF8*$!
{
	archiveVersion = 1;
	classes = {
	};
	objectVersion = 56;
	objects = {

/* Begin PBXBuildFile section */
		1A0000012A00000000000001 /* TISApp.swift in Sources */ = {isa = PBXBuildFile; fileRef = 1A0000002A00000000000001 /* TISApp.swift */; };
		1A0000032A00000000000001 /* ContentView.swift in Sources */ = {isa = PBXBuildFile; fileRef = 1A0000022A00000000000001 /* ContentView.swift */; };
		1A0000052A00000000000001 /* Assets.xcassets in Resources */ = {isa = PBXBuildFile; fileRef = 1A0000042A00000000000001 /* Assets.xcassets */; };
		1A0000082A00000000000001 /* Preview Assets.xcassets in Resources */ = {isa = PBXBuildFile; fileRef = 1A0000072A00000000000001 /* Preview Assets.xcassets */; };
		1A00000C2A00000000000001 /* TISModel.xcdatamodeld in Sources */ = {isa = PBXBuildFile; fileRef = 1A0000512A00000000000001 /* TISModel.xcdatamodeld */; };
		1A00000E2A00000000000001 /* TimeTracker.swift in Sources */ = {isa = PBXBuildFile; fileRef = 1A00000D2A00000000000001 /* TimeTracker.swift */; };
		1A0000102A00000000000001 /* DashboardView.swift in Sources */ = {isa = PBXBuildFile; fileRef = 1A00000F2A00000000000001 /* DashboardView.swift */; };
		1A0000122A00000000000001 /* TimeTrackingView.swift in Sources */ = {isa = PBXBuildFile; fileRef = 1A0000112A00000000000001 /* TimeTrackingView.swift */; };
		1A0000142A00000000000001 /* JobsView.swift in Sources */ = {isa = PBXBuildFile; fileRef = 1A0000132A00000000000001 /* JobsView.swift */; };
		1A0000162A00000000000001 /* AddJobView.swift in Sources */ = {isa = PBXBuildFile; fileRef = 1A0000152A00000000000001 /* AddJobView.swift */; };
		1A0000182A00000000000001 /* HistoryView.swift in Sources */ = {isa = PBXBuildFile; fileRef = 1A0000172A00000000000001 /* HistoryView.swift */; };
		1A00001A2A00000000000001 /* AddManualShiftView.swift in Sources */ = {isa = PBXBuildFile; fileRef = 1A0000192A00000000000001 /* AddManualShiftView.swift */; };
		1A00001C2A00000000000001 /* AnalyticsView.swift in Sources */ = {isa = PBXBuildFile; fileRef = 1A00001B2A00000000000001 /* AnalyticsView.swift */; };
		1A00001E2A00000000000001 /* SettingsView.swift in Sources */ = {isa = PBXBuildFile; fileRef = 1A00001D2A00000000000001 /* SettingsView.swift */; };
		1A0000202A00000000000001 /* NotificationManager.swift in Sources */ = {isa = PBXBuildFile; fileRef = 1A00001F2A00000000000001 /* NotificationManager.swift */; };
		1A0000222A00000000000001 /* ExportManager.swift in Sources */ = {isa = PBXBuildFile; fileRef = 1A0000212A00000000000001 /* ExportManager.swift */; };
		1A0000242A00000000000001 /* ColorScheme.swift in Sources */ = {isa = PBXBuildFile; fileRef = 1A0000232A00000000000001 /* ColorScheme.swift */; };
		1A0000262A00000000000001 /* TISCard.swift in Sources */ = {isa = PBXBuildFile; fileRef = 1A0000252A00000000000001 /* TISCard.swift */; };
		1A00002A2A00000000000001 /* ToastView.swift in Sources */ = {isa = PBXBuildFile; fileRef = 1A0000292A00000000000001 /* ToastView.swift */; };
		1A00002C2A00000000000001 /* TISButton.swift in Sources */ = {isa = PBXBuildFile; fileRef = 1A00002B2A00000000000001 /* TISButton.swift */; };
		1A00002E2A00000000000001 /* EditJobView.swift in Sources */ = {isa = PBXBuildFile; fileRef = 1A00002D2A00000000000001 /* EditJobView.swift */; };
		1A0000302A00000000000001 /* ShiftTemplatesView.swift in Sources */ = {isa = PBXBuildFile; fileRef = 1A00002F2A00000000000001 /* ShiftTemplatesView.swift */; };
		1A0000322A00000000000001 /* EarningsGoalsView.swift in Sources */ = {isa = PBXBuildFile; fileRef = 1A0000312A00000000000001 /* EarningsGoalsView.swift */; };
		1A0000342A00000000000001 /* ShiftRemindersView.swift in Sources */ = {isa = PBXBuildFile; fileRef = 1A0000332A00000000000001 /* ShiftRemindersView.swift */; };
		1A0000362A00000000000001 /* LocalizationManager.swift in Sources */ = {isa = PBXBuildFile; fileRef = 1A0000352A00000000000001 /* LocalizationManager.swift */; };
		1A0000382A00000000000001 /* LocalizationSettingsView.swift in Sources */ = {isa = PBXBuildFile; fileRef = 1A0000372A00000000000001 /* LocalizationSettingsView.swift */; };
		1A00003A2A00000000000001 /* PersistenceController.swift in Sources */ = {isa = PBXBuildFile; fileRef = 1A0000392A00000000000001 /* PersistenceController.swift */; };
		1A0000532A00000000000001 /* TimeTrackingWidget.swift in Sources */ = {isa = PBXBuildFile; fileRef = 1A00005B2A00000000000001 /* TimeTrackingWidget.swift */; };
		1A0000552A00000000000001 /* Achievement.swift in Sources */ = {isa = PBXBuildFile; fileRef = 1A0000542A00000000000001 /* Achievement.swift */; };
		1A0000572A00000000000001 /* AchievementManager.swift in Sources */ = {isa = PBXBuildFile; fileRef = 1A0000562A00000000000001 /* AchievementManager.swift */; };
		1A0000592A00000000000001 /* AchievementsView.swift in Sources */ = {isa = PBXBuildFile; fileRef = 1A0000582A00000000000001 /* AchievementsView.swift */; };
/* End PBXBuildFile section */

/* Begin PBXFileReference section */
		1A0000002A00000000000001 /* TISApp.swift */ = {isa = PBXFileReference; lastKnownFileType = sourcecode.swift; path = TISApp.swift; sourceTree = "<group>"; };
		1A0000022A00000000000001 /* ContentView.swift */ = {isa = PBXFileReference; lastKnownFileType = sourcecode.swift; path = ContentView.swift; sourceTree = "<group>"; };
		1A0000042A00000000000001 /* Assets.xcassets */ = {isa = PBXFileReference; lastKnownFileType = folder.assetcatalog; path = Assets.xcassets; sourceTree = "<group>"; };
		1A0000072A00000000000001 /* Preview Assets.xcassets */ = {isa = PBXFileReference; lastKnownFileType = folder.assetcatalog; path = "Preview Assets.xcassets"; sourceTree = "<group>"; };
		1A00000D2A00000000000001 /* TimeTracker.swift */ = {isa = PBXFileReference; lastKnownFileType = sourcecode.swift; path = TimeTracker.swift; sourceTree = "<group>"; };
		1A00000F2A00000000000001 /* DashboardView.swift */ = {isa = PBXFileReference; lastKnownFileType = sourcecode.swift; path = DashboardView.swift; sourceTree = "<group>"; };
		1A0000112A00000000000001 /* TimeTrackingView.swift */ = {isa = PBXFileReference; lastKnownFileType = sourcecode.swift; path = TimeTrackingView.swift; sourceTree = "<group>"; };
		1A0000132A00000000000001 /* JobsView.swift */ = {isa = PBXFileReference; lastKnownFileType = sourcecode.swift; path = JobsView.swift; sourceTree = "<group>"; };
		1A0000152A00000000000001 /* AddJobView.swift */ = {isa = PBXFileReference; lastKnownFileType = sourcecode.swift; path = AddJobView.swift; sourceTree = "<group>"; };
		1A0000172A00000000000001 /* HistoryView.swift */ = {isa = PBXFileReference; lastKnownFileType = sourcecode.swift; path = HistoryView.swift; sourceTree = "<group>"; };
		1A0000192A00000000000001 /* AddManualShiftView.swift */ = {isa = PBXFileReference; lastKnownFileType = sourcecode.swift; path = AddManualShiftView.swift; sourceTree = "<group>"; };
		1A00001B2A00000000000001 /* AnalyticsView.swift */ = {isa = PBXFileReference; lastKnownFileType = sourcecode.swift; path = AnalyticsView.swift; sourceTree = "<group>"; };
		1A00001D2A00000000000001 /* SettingsView.swift */ = {isa = PBXFileReference; lastKnownFileType = sourcecode.swift; path = SettingsView.swift; sourceTree = "<group>"; };
		1A00001F2A00000000000001 /* NotificationManager.swift */ = {isa = PBXFileReference; lastKnownFileType = sourcecode.swift; path = NotificationManager.swift; sourceTree = "<group>"; };
		1A0000212A00000000000001 /* ExportManager.swift */ = {isa = PBXFileReference; lastKnownFileType = sourcecode.swift; path = ExportManager.swift; sourceTree = "<group>"; };
		1A0000232A00000000000001 /* ColorScheme.swift */ = {isa = PBXFileReference; lastKnownFileType = sourcecode.swift; path = ColorScheme.swift; sourceTree = "<group>"; };
		1A0000252A00000000000001 /* TISCard.swift */ = {isa = PBXFileReference; lastKnownFileType = sourcecode.swift; path = TISCard.swift; sourceTree = "<group>"; };
		1A0000292A00000000000001 /* ToastView.swift */ = {isa = PBXFileReference; lastKnownFileType = sourcecode.swift; path = ToastView.swift; sourceTree = "<group>"; };
		1A00002B2A00000000000001 /* TISButton.swift */ = {isa = PBXFileReference; lastKnownFileType = sourcecode.swift; path = TISButton.swift; sourceTree = "<group>"; };
		1A00002D2A00000000000001 /* EditJobView.swift */ = {isa = PBXFileReference; lastKnownFileType = sourcecode.swift; path = EditJobView.swift; sourceTree = "<group>"; };
		1A00002F2A00000000000001 /* ShiftTemplatesView.swift */ = {isa = PBXFileReference; lastKnownFileType = sourcecode.swift; path = ShiftTemplatesView.swift; sourceTree = "<group>"; };
		1A0000312A00000000000001 /* EarningsGoalsView.swift */ = {isa = PBXFileReference; lastKnownFileType = sourcecode.swift; path = EarningsGoalsView.swift; sourceTree = "<group>"; };
		1A0000332A00000000000001 /* ShiftRemindersView.swift */ = {isa = PBXFileReference; lastKnownFileType = sourcecode.swift; path = ShiftRemindersView.swift; sourceTree = "<group>"; };
		1A0000352A00000000000001 /* LocalizationManager.swift */ = {isa = PBXFileReference; lastKnownFileType = sourcecode.swift; path = LocalizationManager.swift; sourceTree = "<group>"; };
		1A0000372A00000000000001 /* LocalizationSettingsView.swift */ = {isa = PBXFileReference; lastKnownFileType = sourcecode.swift; path = LocalizationSettingsView.swift; sourceTree = "<group>"; };
		1A0000392A00000000000001 /* PersistenceController.swift */ = {isa = PBXFileReference; lastKnownFileType = sourcecode.swift; path = PersistenceController.swift; sourceTree = "<group>"; };
		1A00005B2A00000000000001 /* TimeTrackingWidget.swift */ = {isa = PBXFileReference; lastKnownFileType = sourcecode.swift; path = TimeTrackingWidget.swift; sourceTree = "<group>"; };
		1A0000542A00000000000001 /* Achievement.swift */ = {isa = PBXFileReference; lastKnownFileType = sourcecode.swift; path = Achievement.swift; sourceTree = "<group>"; };
		1A0000562A00000000000001 /* AchievementManager.swift */ = {isa = PBXFileReference; lastKnownFileType = sourcecode.swift; path = AchievementManager.swift; sourceTree = "<group>"; };
		1A0000582A00000000000001 /* AchievementsView.swift */ = {isa = PBXFileReference; lastKnownFileType = sourcecode.swift; path = AchievementsView.swift; sourceTree = "<group>"; };
		1A00003B2A00000000000001 /* TIS.app */ = {isa = PBXFileReference; explicitFileType = wrapper.application; includeInIndex = 0; path = TIS.app; sourceTree = BUILT_PRODUCTS_DIR; };
/* End PBXFileReference section */

/* Begin PBXFrameworksBuildPhase section */
		1A00003C2A00000000000001 /* Frameworks */ = {
			isa = PBXFrameworksBuildPhase;
			buildActionMask = 2147483647;
			files = (
			);
			runOnlyForDeploymentPostprocessing = 0;
		};
/* End PBXFrameworksBuildPhase section */

/* Begin PBXGroup section */
		1A00003D2A00000000000001 = {
			isa = PBXGroup;
			children = (
				1A00003E2A00000000000001 /* TIS */,
				1A00003F2A00000000000001 /* Products */,
			);
			sourceTree = "<group>";
		};
		1A00003E2A00000000000001 /* TIS */ = {
			isa = PBXGroup;
			children = (
				1A0000002A00000000000001 /* TISApp.swift */,
				1A0000022A00000000000001 /* ContentView.swift */,
				1A0000402A00000000000001 /* Models */,
				1A0000412A00000000000001 /* ViewModels */,
				1A0000422A00000000000001 /* Views */,
				1A0000432A00000000000001 /* Managers */,
				1A0000442A00000000000001 /* Components */,
				1A0000452A00000000000001 /* Design */,
				1A0000042A00000000000001 /* Assets.xcassets */,
				1A0000462A00000000000001 /* Preview Content */,
				1A00005A2A00000000000001 /* Widgets */,
			);
			path = TIS;
			sourceTree = "<group>";
		};
		1A00003F2A00000000000001 /* Products */ = {
			isa = PBXGroup;
			children = (
				1A00003B2A00000000000001 /* TIS.app */,
			);
			name = Products;
			sourceTree = "<group>";
		};
		1A0000402A00000000000001 /* Models */ = {
			isa = PBXGroup;
			children = (
				1A0000512A00000000000001 /* TISModel.xcdatamodeld */,
				1A0000542A00000000000001 /* Achievement.swift */,
			);
			path = Models;
			sourceTree = "<group>";
		};
		1A0000412A00000000000001 /* ViewModels */ = {
			isa = PBXGroup;
			children = (
				1A00000D2A00000000000001 /* TimeTracker.swift */,
			);
			path = ViewModels;
			sourceTree = "<group>";
		};
		1A0000422A00000000000001 /* Views */ = {
			isa = PBXGroup;
			children = (
				1A00000F2A00000000000001 /* DashboardView.swift */,
				1A0000112A00000000000001 /* TimeTrackingView.swift */,
				1A0000132A00000000000001 /* JobsView.swift */,
				1A0000152A00000000000001 /* AddJobView.swift */,
				1A0000192A00000000000001 /* AddManualShiftView.swift */,
				1A00002D2A00000000000001 /* EditJobView.swift */,
				1A00002F2A00000000000001 /* ShiftTemplatesView.swift */,
				1A0000312A00000000000001 /* EarningsGoalsView.swift */,
				1A0000332A00000000000001 /* ShiftRemindersView.swift */,
				1A0000372A00000000000001 /* LocalizationSettingsView.swift */,
				1A0000172A00000000000001 /* HistoryView.swift */,
				1A00001B2A00000000000001 /* AnalyticsView.swift */,
				1A00001D2A00000000000001 /* SettingsView.swift */,
				1A0000582A00000000000001 /* AchievementsView.swift */,
			);
			path = Views;
			sourceTree = "<group>";
		};
		1A0000432A00000000000001 /* Managers */ = {
			isa = PBXGroup;
			children = (
				1A0000392A00000000000001 /* PersistenceController.swift */,
				1A00001F2A00000000000001 /* NotificationManager.swift */,
				1A0000212A00000000000001 /* ExportManager.swift */,
				1A0000352A00000000000001 /* LocalizationManager.swift */,
				1A0000562A00000000000001 /* AchievementManager.swift */,
			);
			path = Managers;
			sourceTree = "<group>";
		};
		1A0000442A00000000000001 /* Components */ = {
			isa = PBXGroup;
			children = (
				1A0000252A00000000000001 /* TISCard.swift */,
				1A0000292A00000000000001 /* ToastView.swift */,
				1A00002B2A00000000000001 /* TISButton.swift */,
			);
			path = Components;
			sourceTree = "<group>";
		};
		1A0000452A00000000000001 /* Design */ = {
			isa = PBXGroup;
			children = (
				1A0000232A00000000000001 /* ColorScheme.swift */,
			);
			path = Design;
			sourceTree = "<group>";
		};
		1A0000462A00000000000001 /* Preview Content */ = {
			isa = PBXGroup;
			children = (
				1A0000072A00000000000001 /* Preview Assets.xcassets */,
			);
			path = "Preview Content";
			sourceTree = "<group>";
		};
		1A00005A2A00000000000001 /* Widgets */ = {
			isa = PBXGroup;
			children = (
				1A00005B2A00000000000001 /* TimeTrackingWidget.swift */,
			);
			path = Widgets;
			sourceTree = "<group>";
		};
/* End PBXGroup section */

/* Begin PBXNativeTarget section */
		1A0000472A00000000000001 /* TIS */ = {
			isa = PBXNativeTarget;
			buildConfigurationList = 1A0000482A00000000000001 /* Build configuration list for PBXNativeTarget "TIS" */;
			buildPhases = (
				1A0000492A00000000000001 /* Sources */,
				1A00003C2A00000000000001 /* Frameworks */,
				1A00004A2A00000000000001 /* Resources */,
			);
			buildRules = (
			);
			dependencies = (
			);
			name = TIS;
			productName = TIS;
			productReference = 1A00003B2A00000000000001 /* TIS.app */;
			productType = "com.apple.product-type.application";
		};
/* End PBXNativeTarget section */

/* Begin PBXProject section */
		1A00004B2A00000000000001 /* Project object */ = {
			isa = PBXProject;
			attributes = {
				BuildIndependentTargetsInParallel = 1;
				LastSwiftUpdateCheck = 1500;
				LastUpgradeCheck = 1500;
				TargetAttributes = {
					1A0000472A00000000000001 = {
						CreatedOnToolsVersion = 15.0;
					};
				};
			};
			buildConfigurationList = 1A00004C2A00000000000001 /* Build configuration list for PBXProject "TIS" */;
			compatibilityVersion = "Xcode 14.0";
			developmentRegion = en;
			hasScannedForEncodings = 0;
			knownRegions = (
				en,
				Base,
			);
			mainGroup = 1A00003D2A00000000000001;
			productRefGroup = 1A00003F2A00000000000001 /* Products */;
			projectDirPath = "";
			projectRoot = "";
			targets = (
				1A0000472A00000000000001 /* TIS */,
			);
		};
/* End PBXProject section */

/* Begin PBXResourcesBuildPhase section */
		1A00004A2A00000000000001 /* Resources */ = {
			isa = PBXResourcesBuildPhase;
			buildActionMask = 2147483647;
			files = (
				1A0000082A00000000000001 /* Preview Assets.xcassets in Resources */,
				1A0000052A00000000000001 /* Assets.xcassets in Resources */,
			);
			runOnlyForDeploymentPostprocessing = 0;
		};
/* End PBXResourcesBuildPhase section */

/* Begin PBXSourcesBuildPhase section */
		1A0000492A00000000000001 /* Sources */ = {
			isa = PBXSourcesBuildPhase;
			buildActionMask = 2147483647;
			files = (
				1A0000012A00000000000001 /* TISApp.swift in Sources */,
				1A0000032A00000000000001 /* ContentView.swift in Sources */,
				1A00000C2A00000000000001 /* TISModel.xcdatamodeld in Sources */,
				1A00000E2A00000000000001 /* TimeTracker.swift in Sources */,
				1A0000102A00000000000001 /* DashboardView.swift in Sources */,
				1A0000122A00000000000001 /* TimeTrackingView.swift in Sources */,
				1A0000142A00000000000001 /* JobsView.swift in Sources */,
				1A0000162A00000000000001 /* AddJobView.swift in Sources */,
				1A0000182A00000000000001 /* HistoryView.swift in Sources */,
				1A00001A2A00000000000001 /* AddManualShiftView.swift in Sources */,
				1A00001C2A00000000000001 /* AnalyticsView.swift in Sources */,
				1A00001E2A00000000000001 /* SettingsView.swift in Sources */,
				1A0000202A00000000000001 /* NotificationManager.swift in Sources */,
				1A0000222A00000000000001 /* ExportManager.swift in Sources */,
				1A0000242A00000000000001 /* ColorScheme.swift in Sources */,
				1A0000262A00000000000001 /* TISCard.swift in Sources */,
				1A00002A2A00000000000001 /* ToastView.swift in Sources */,
				1A00002C2A00000000000001 /* TISButton.swift in Sources */,
				1A00002E2A00000000000001 /* EditJobView.swift in Sources */,
				1A0000302A00000000000001 /* ShiftTemplatesView.swift in Sources */,
				1A0000322A00000000000001 /* EarningsGoalsView.swift in Sources */,
				1A0000342A00000000000001 /* ShiftRemindersView.swift in Sources */,
				1A0000362A00000000000001 /* LocalizationManager.swift in Sources */,
				1A0000382A00000000000001 /* LocalizationSettingsView.swift in Sources */,
				1A00003A2A00000000000001 /* PersistenceController.swift in Sources */,
		1A0000532A00000000000001 /* TimeTrackingWidget.swift in Sources */,
		1A0000552A00000000000001 /* Achievement.swift in Sources */,
		1A0000572A00000000000001 /* AchievementManager.swift in Sources */,
		1A0000592A00000000000001 /* AchievementsView.swift in Sources */,
			);
			runOnlyForDeploymentPostprocessing = 0;
		};
/* End PBXSourcesBuildPhase section */

/* Begin XCBuildConfiguration section */
		1A00004D2A00000000000001 /* Debug */ = {
			isa = XCBuildConfiguration;
			buildSettings = {
				ALWAYS_SEARCH_USER_PATHS = NO;
				ASSETCATALOG_COMPILER_GENERATE_SWIFT_ASSET_SYMBOL_EXTENSIONS = YES;
				CLANG_ANALYZER_NONNULL = YES;
				CLANG_ANALYZER_NONNULL_MESSAGING = YES;
				CLANG_CXX_LANGUAGE_STANDARD = "gnu++20";
				CLANG_ENABLE_MODULES = YES;
				CLANG_ENABLE_OBJC_ARC = YES;
				CLANG_ENABLE_OBJC_WEAK = YES;
				CLANG_WARN_BLOCK_CAPTURE_AUTORELEASING = YES;
				CLANG_WARN_BOOL_CONVERSION = YES;
				CLANG_WARN_COMMA = YES;
				CLANG_WARN_CONSTANT_CONVERSION = YES;
				CLANG_WARN_DEPRECATED_OBJC_IMPLEMENTATIONS = YES;
				CLANG_WARN_DIRECT_OBJC_ISA_USAGE = YES_ERROR;
				CLANG_WARN_DOCUMENTATION_COMMENTS = YES;
				CLANG_WARN_EMPTY_BODY = YES;
				CLANG_WARN_ENUM_CONVERSION = YES;
				CLANG_WARN_INFINITE_RECURSION = YES;
				CLANG_WARN_INT_CONVERSION = YES;
				CLANG_WARN_NON_LITERAL_NULL_CONVERSION = YES;
				CLANG_WARN_OBJC_IMPLICIT_RETAIN_SELF = YES;
				CLANG_WARN_OBJC_LITERAL_CONVERSION = YES;
				CLANG_WARN_OBJC_ROOT_CLASS = YES_ERROR;
				CLANG_WARN_QUOTED_INCLUDE_IN_FRAMEWORK_HEADER = YES;
				CLANG_WARN_RANGE_LOOP_ANALYSIS = YES;
				CLANG_WARN_STRICT_PROTOTYPES = YES;
				CLANG_WARN_SUSPICIOUS_MOVE = YES;
				CLANG_WARN_UNGUARDED_AVAILABILITY = YES_AGGRESSIVE;
				CLANG_WARN_UNREACHABLE_CODE = YES;
				CLANG_WARN__DUPLICATE_METHOD_MATCH = YES;
				COPY_PHASE_STRIP = NO;
				DEBUG_INFORMATION_FORMAT = dwarf;
				ENABLE_STRICT_OBJC_MSGSEND = YES;
				ENABLE_TESTABILITY = YES;
				ENABLE_USER_SCRIPT_SANDBOXING = YES;
				GCC_C_LANGUAGE_STANDARD = gnu17;
				GCC_DYNAMIC_NO_PIC = NO;
				GCC_NO_COMMON_BLOCKS = YES;
				GCC_OPTIMIZATION_LEVEL = 0;
				GCC_PREPROCESSOR_DEFINITIONS = (
					"DEBUG=1",
					"$(inherited)",
				);
				GCC_WARN_64_TO_32_BIT_CONVERSION = YES;
				GCC_WARN_ABOUT_RETURN_TYPE = YES_ERROR;
				GCC_WARN_UNDECLARED_SELECTOR = YES;
				GCC_WARN_UNINITIALIZED_AUTOS = YES_AGGRESSIVE;
				GCC_WARN_UNUSED_FUNCTION = YES;
				GCC_WARN_UNUSED_VARIABLE = YES;
				IPHONEOS_DEPLOYMENT_TARGET = 17.0;
				LOCALIZATION_PREFERS_STRING_CATALOGS = YES;
				MTL_ENABLE_DEBUG_INFO = INCLUDE_SOURCE;
				MTL_FAST_MATH = YES;
				ONLY_ACTIVE_ARCH = YES;
				SDKROOT = iphoneos;
				SWIFT_ACTIVE_COMPILATION_CONDITIONS = "DEBUG $(inherited)";
				SWIFT_OPTIMIZATION_LEVEL = "-Onone";
			};
			name = Debug;
		};
		1A00004E2A00000000000001 /* Release */ = {
			isa = XCBuildConfiguration;
			buildSettings = {
				ALWAYS_SEARCH_USER_PATHS = NO;
				ASSETCATALOG_COMPILER_GENERATE_SWIFT_ASSET_SYMBOL_EXTENSIONS = YES;
				CLANG_ANALYZER_NONNULL = YES;
				CLANG_ANALYZER_NONNULL_MESSAGING = YES;
				CLANG_CXX_LANGUAGE_STANDARD = "gnu++20";
				CLANG_ENABLE_MODULES = YES;
				CLANG_ENABLE_OBJC_ARC = YES;
				CLANG_ENABLE_OBJC_WEAK = YES;
				CLANG_WARN_BLOCK_CAPTURE_AUTORELEASING = YES;
				CLANG_WARN_BOOL_CONVERSION = YES;
				CLANG_WARN_COMMA = YES;
				CLANG_WARN_CONSTANT_CONVERSION = YES;
				CLANG_WARN_DEPRECATED_OBJC_IMPLEMENTATIONS = YES;
				CLANG_WARN_DIRECT_OBJC_ISA_USAGE = YES_ERROR;
				CLANG_WARN_DOCUMENTATION_COMMENTS = YES;
				CLANG_WARN_EMPTY_BODY = YES;
				CLANG_WARN_ENUM_CONVERSION = YES;
				CLANG_WARN_INFINITE_RECURSION = YES;
				CLANG_WARN_INT_CONVERSION = YES;
				CLANG_WARN_NON_LITERAL_NULL_CONVERSION = YES;
				CLANG_WARN_OBJC_IMPLICIT_RETAIN_SELF = YES;
				CLANG_WARN_OBJC_LITERAL_CONVERSION = YES;
				CLANG_WARN_OBJC_ROOT_CLASS = YES_ERROR;
				CLANG_WARN_QUOTED_INCLUDE_IN_FRAMEWORK_HEADER = YES;
				CLANG_WARN_RANGE_LOOP_ANALYSIS = YES;
				CLANG_WARN_STRICT_PROTOTYPES = YES;
				CLANG_WARN_SUSPICIOUS_MOVE = YES;
				CLANG_WARN_UNGUARDED_AVAILABILITY = YES_AGGRESSIVE;
				CLANG_WARN_UNREACHABLE_CODE = YES;
				CLANG_WARN__DUPLICATE_METHOD_MATCH = YES;
				COPY_PHASE_STRIP = NO;
				DEBUG_INFORMATION_FORMAT = "dwarf-with-dsym";
				ENABLE_NS_ASSERTIONS = NO;
				ENABLE_STRICT_OBJC_MSGSEND = YES;
				ENABLE_USER_SCRIPT_SANDBOXING = YES;
				GCC_C_LANGUAGE_STANDARD = gnu17;
				GCC_NO_COMMON_BLOCKS = YES;
				GCC_WARN_64_TO_32_BIT_CONVERSION = YES;
				GCC_WARN_ABOUT_RETURN_TYPE = YES_ERROR;
				GCC_WARN_UNDECLARED_SELECTOR = YES;
				GCC_WARN_UNINITIALIZED_AUTOS = YES_AGGRESSIVE;
				GCC_WARN_UNUSED_FUNCTION = YES;
				GCC_WARN_UNUSED_VARIABLE = YES;
				IPHONEOS_DEPLOYMENT_TARGET = 17.0;
				LOCALIZATION_PREFERS_STRING_CATALOGS = YES;
				MTL_ENABLE_DEBUG_INFO = NO;
				MTL_FAST_MATH = YES;
				SDKROOT = iphoneos;
				SWIFT_COMPILATION_MODE = wholemodule;
				VALIDATE_PRODUCT = YES;
			};
			name = Release;
		};
		1A00004F2A00000000000001 /* Debug */ = {
			isa = XCBuildConfiguration;
			buildSettings = {
				ASSETCATALOG_COMPILER_APPICON_NAME = AppIcon;
				ASSETCATALOG_COMPILER_GLOBAL_ACCENT_COLOR_NAME = AccentColor;
				CODE_SIGN_STYLE = Automatic;
				CURRENT_PROJECT_VERSION = 1;
				DEVELOPMENT_TEAM = RDJ3S42ZS7;
				ENABLE_PREVIEWS = YES;
				GENERATE_INFOPLIST_FILE = YES;
				INFOPLIST_KEY_UIApplicationSceneManifest_Generation = YES;
				INFOPLIST_KEY_UIApplicationSupportsIndirectInputEvents = YES;
				INFOPLIST_KEY_UILaunchScreen_Generation = YES;
				INFOPLIST_KEY_UISupportedInterfaceOrientations_iPad = "UIInterfaceOrientationPortrait UIInterfaceOrientationPortraitUpsideDown UIInterfaceOrientationLandscapeLeft UIInterfaceOrientationLandscapeRight";
				INFOPLIST_KEY_UISupportedInterfaceOrientations_iPhone = "UIInterfaceOrientationPortrait UIInterfaceOrientationLandscapeLeft UIInterfaceOrientationLandscapeRight";
				LD_RUNPATH_SEARCH_PATHS = (
					"$(inherited)",
					"@executable_path/Frameworks",
				);
				MARKETING_VERSION = 1.0;
				PRODUCT_BUNDLE_IDENTIFIER = com.1oridevs.tis;
				PRODUCT_NAME = "$(TARGET_NAME)";
				SWIFT_EMIT_LOC_STRINGS = YES;
				SWIFT_VERSION = 5.0;
				TARGETED_DEVICE_FAMILY = "1,2";
			};
			name = Debug;
		};
		1A0000502A00000000000001 /* Release */ = {
			isa = XCBuildConfiguration;
			buildSettings = {
				ASSETCATALOG_COMPILER_APPICON_NAME = AppIcon;
				ASSETCATALOG_COMPILER_GLOBAL_ACCENT_COLOR_NAME = AccentColor;
				CODE_SIGN_STYLE = Automatic;
				CURRENT_PROJECT_VERSION = 1;
				DEVELOPMENT_TEAM = RDJ3S42ZS7;
				ENABLE_PREVIEWS = YES;
				GENERATE_INFOPLIST_FILE = YES;
				INFOPLIST_KEY_UIApplicationSceneManifest_Generation = YES;
				INFOPLIST_KEY_UIApplicationSupportsIndirectInputEvents = YES;
				INFOPLIST_KEY_UILaunchScreen_Generation = YES;
				INFOPLIST_KEY_UISupportedInterfaceOrientations_iPad = "UIInterfaceOrientationPortrait UIInterfaceOrientationPortraitUpsideDown UIInterfaceOrientationLandscapeLeft UIInterfaceOrientationLandscapeRight";
				INFOPLIST_KEY_UISupportedInterfaceOrientations_iPhone = "UIInterfaceOrientationPortrait UIInterfaceOrientationLandscapeLeft UIInterfaceOrientationLandscapeRight";
				LD_RUNPATH_SEARCH_PATHS = (
					"$(inherited)",
					"@executable_path/Frameworks",
				);
				MARKETING_VERSION = 1.0;
				PRODUCT_BUNDLE_IDENTIFIER = com.1oridevs.tis;
				PRODUCT_NAME = "$(TARGET_NAME)";
				SWIFT_EMIT_LOC_STRINGS = YES;
				SWIFT_VERSION = 5.0;
				TARGETED_DEVICE_FAMILY = "1,2";
			};
			name = Release;
		};
/* End XCBuildConfiguration section */

/* Begin XCConfigurationList section */
		1A0000482A00000000000001 /* Build configuration list for PBXNativeTarget "TIS" */ = {
			isa = XCConfigurationList;
			buildConfigurations = (
				1A00004F2A00000000000001 /* Debug */,
				1A0000502A00000000000001 /* Release */,
			);
			defaultConfigurationIsVisible = 0;
			defaultConfigurationName = Release;
		};
		1A00004C2A00000000000001 /* Build configuration list for PBXProject "TIS" */ = {
			isa = XCConfigurationList;
			buildConfigurations = (
				1A00004D2A00000000000001 /* Debug */,
				1A00004E2A00000000000001 /* Release */,
			);
			defaultConfigurationIsVisible = 0;
			defaultConfigurationName = Release;
		};
/* End XCConfigurationList section */

/* Begin XCVersionGroup section */
		1A0000512A00000000000001 /* TISModel.xcdatamodeld */ = {
			isa = XCVersionGroup;
			children = (
				1A0000522A00000000000001 /* TISModel.xcdatamodel */,
			);
			currentVersion = 1A0000522A00000000000001 /* TISModel.xcdatamodel */;
			path = TISModel.xcdatamodeld;
			sourceTree = "<group>";
			versionGroupType = wrapper.xcdatamodel;
		};
		1A0000522A00000000000001 /* TISModel.xcdatamodel */ = {
			isa = PBXFileReference;
			lastKnownFileType = wrapper.xcdatamodel;
			path = TISModel.xcdatamodel;
			sourceTree = "<group>";
		};
/* End XCVersionGroup section */
	};
	rootObject = 1A00004B2A00000000000001 /* Project object */;
}